<?xml version="1.0" encoding="utf-8"?>
<Project ToolsVersion="4.0" xmlns="http://schemas.microsoft.com/developer/msbuild/2003">
  <ItemGroup>
    <Filter Include="Source Files">
      <UniqueIdentifier>{4FC737F1-C7A5-4376-A066-2A32D752A2FF}</UniqueIdentifier>
      <Extensions>cpp;c;cc;cxx;def;odl;idl;hpj;bat;asm;asmx</Extensions>
    </Filter>
    <Filter Include="Header Files">
      <UniqueIdentifier>{93995380-89BD-4b04-88EB-625FBE52EBFB}</UniqueIdentifier>
      <Extensions>h;hpp;hxx;hm;inl;inc;xsd</Extensions>
    </Filter>
    <Filter Include="dependencies">
      <UniqueIdentifier>{dd85cc9d-3a8b-4e5e-9cce-f6d14141c209}</UniqueIdentifier>
    </Filter>
  </ItemGroup>
  <ItemGroup>
    <ClCompile Include="..\..\test\ecostester.c">
      <Filter>Source Files</Filter>
    </ClCompile>
    <ClCompile Include="..\..\test\generated\qcml_utils.c">
      <Filter>dependencies</Filter>
    </ClCompile>
    <ClCompile Include="..\..\test\generated\inv_pos\inv_pos.c">
      <Filter>dependencies</Filter>
    </ClCompile>
    <ClCompile Include="..\..\test\generated\norm\norm.c">
      <Filter>dependencies</Filter>
    </ClCompile>
    <ClCompile Include="..\..\test\generated\quad_over_lin\quad_over_lin.c">
      <Filter>dependencies</Filter>
    </ClCompile>
    <ClCompile Include="..\..\test\generated\sq_norm\sq_norm.c">
      <Filter>dependencies</Filter>
    </ClCompile>
    <ClCompile Include="..\..\test\generated\sum_sq\sum_sq.c">
      <Filter>dependencies</Filter>
    </ClCompile>
  </ItemGroup>
  <ItemGroup>
    <ClInclude Include="..\..\include\data.h">
      <Filter>Header Files</Filter>
    </ClInclude>
    <ClInclude Include="..\..\include\ecos.h">
      <Filter>Header Files</Filter>
    </ClInclude>
  </ItemGroup>
</Project>